
Microsoft Visual Studio Solution File, Format Version 12.00
# Visual Studio Version 17
VisualStudioVersion = 17.13.35806.99 d17.13
MinimumVisualStudioVersion = 10.0.40219.1
Project("{FAE04EC0-301F-11D3-BF4B-00C04F79EFBC}") = "MoneWarehouse", "MoneWarehouse\MoneWarehouse.csproj", "{9C0F4054-7ABD-4A09-9123-C102A64D64F0}"
EndProject
Global
	GlobalSection(SolutionConfigurationPlatforms) = preSolution
		Debug|Any CPU = Debug|Any CPU
		Release|Any CPU = Release|Any CPU
	EndGlobalSection
	GlobalSection(ProjectConfigurationPlatforms) = postSolution
		{9C0F4054-7ABD-4A09-9123-C102A64D64F0}.Debug|Any CPU.ActiveCfg = Debug|Any CPU
		{9C0F4054-7ABD-4A09-9123-C102A64D64F0}.Debug|Any CPU.Build.0 = Debug|Any CPU
		{9C0F4054-7ABD-4A09-9123-C102A64D64F0}.Release|Any CPU.ActiveCfg = Release|Any CPU
		{9C0F4054-7ABD-4A09-9123-C102A64D64F0}.Release|Any CPU.Build.0 = Release|Any CPU
	EndGlobalSection
	GlobalSection(SolutionProperties) = preSolution
		HideSolutionNode = FALSE
	EndGlobalSection
	GlobalSection(ExtensibilityGlobals) = postSolution
		SolutionGuid = {91244FE7-EF34-41B4-BEF0-7B909A150742}
	EndGlobalSection
EndGlobal
